
Microsoft Visual Studio Solution File, Format Version 12.00
# Visual Studio Version 17
VisualStudioVersion = 17.6.33815.320
MinimumVisualStudioVersion = 10.0.40219.1
Project("{FAE04EC0-301F-11D3-BF4B-00C04F79EFBC}") = "PortApp", "PortApp.csproj", "{7552D0BE-F6E0-4B66-B209-55225E4D1939}"
EndProject
Global
	GlobalSection(SolutionConfigurationPlatforms) = preSolution
		Debug|Any CPU = Debug|Any CPU
		Release|Any CPU = Release|Any CPU
	EndGlobalSection
	GlobalSection(ProjectConfigurationPlatforms) = postSolution
		{7552D0BE-F6E0-4B66-B209-55225E4D1939}.Debug|Any CPU.ActiveCfg = Debug|Any CPU
		{7552D0BE-F6E0-4B66-B209-55225E4D1939}.Debug|Any CPU.Build.0 = Debug|Any CPU
		{7552D0BE-F6E0-4B66-B209-55225E4D1939}.Release|Any CPU.ActiveCfg = Release|Any CPU
		{7552D0BE-F6E0-4B66-B209-55225E4D1939}.Release|Any CPU.Build.0 = Release|Any CPU
	EndGlobalSection
	GlobalSection(SolutionProperties) = preSolution
		HideSolutionNode = FALSE
	EndGlobalSection
	GlobalSection(ExtensibilityGlobals) = postSolution
		SolutionGuid = {D4A9DFF4-06B1-4F8F-9501-D16360E36A63}
	EndGlobalSection
EndGlobal
